
Microsoft Visual Studio Solution File, Format Version 12.00
Project("{FAE04EC0-301F-11D3-BF4B-00C04F79EFBC}") = "BasicAuthAPI", "BasicAuthAPI\BasicAuthAPI.csproj", "{F6865930-DABA-4E76-A78B-36B64770EFF4}"
EndProject
Project("{FAE04EC0-301F-11D3-BF4B-00C04F79EFBC}") = "NewsRepository", "NewsRepository\NewsRepository.csproj", "{4620D382-65D2-424A-B5DE-72472DF911CC}"
EndProject
Project("{FAE04EC0-301F-11D3-BF4B-00C04F79EFBC}") = "NewsService", "NewsService\NewsService.csproj", "{DAFF8B4B-6A5B-4251-AB35-B853E746FCA0}"
EndProject
Global
	GlobalSection(SolutionConfigurationPlatforms) = preSolution
		Debug|Any CPU = Debug|Any CPU
		Release|Any CPU = Release|Any CPU
	EndGlobalSection
	GlobalSection(ProjectConfigurationPlatforms) = postSolution
		{F6865930-DABA-4E76-A78B-36B64770EFF4}.Debug|Any CPU.ActiveCfg = Debug|Any CPU
		{F6865930-DABA-4E76-A78B-36B64770EFF4}.Debug|Any CPU.Build.0 = Debug|Any CPU
		{F6865930-DABA-4E76-A78B-36B64770EFF4}.Release|Any CPU.ActiveCfg = Release|Any CPU
		{F6865930-DABA-4E76-A78B-36B64770EFF4}.Release|Any CPU.Build.0 = Release|Any CPU
		{4620D382-65D2-424A-B5DE-72472DF911CC}.Debug|Any CPU.ActiveCfg = Debug|Any CPU
		{4620D382-65D2-424A-B5DE-72472DF911CC}.Debug|Any CPU.Build.0 = Debug|Any CPU
		{4620D382-65D2-424A-B5DE-72472DF911CC}.Release|Any CPU.ActiveCfg = Release|Any CPU
		{4620D382-65D2-424A-B5DE-72472DF911CC}.Release|Any CPU.Build.0 = Release|Any CPU
		{DAFF8B4B-6A5B-4251-AB35-B853E746FCA0}.Debug|Any CPU.ActiveCfg = Debug|Any CPU
		{DAFF8B4B-6A5B-4251-AB35-B853E746FCA0}.Debug|Any CPU.Build.0 = Debug|Any CPU
		{DAFF8B4B-6A5B-4251-AB35-B853E746FCA0}.Release|Any CPU.ActiveCfg = Release|Any CPU
		{DAFF8B4B-6A5B-4251-AB35-B853E746FCA0}.Release|Any CPU.Build.0 = Release|Any CPU
	EndGlobalSection
EndGlobal
